
Microsoft Visual Studio Solution File, Format Version 12.00
# Visual Studio Version 16
VisualStudioVersion = 16.0.31911.196
MinimumVisualStudioVersion = 10.0.40219.1
Project("{9A19103F-16F7-4668-BE54-9A1E7A4F7556}") = "VisorCartografia", "VisorCartografia\VisorCartografia.csproj", "{1E2236A2-3A6A-477F-A566-17A84580EDAE}"
EndProject
Global
	GlobalSection(SolutionConfigurationPlatforms) = preSolution
		CD_ROM|Any CPU = CD_ROM|Any CPU
		Debug|Any CPU = Debug|Any CPU
		DVD-5|Any CPU = DVD-5|Any CPU
		Release|Any CPU = Release|Any CPU
		SingleImage|Any CPU = SingleImage|Any CPU
	EndGlobalSection
	GlobalSection(ProjectConfigurationPlatforms) = postSolution
		{1E2236A2-3A6A-477F-A566-17A84580EDAE}.CD_ROM|Any CPU.ActiveCfg = Debug|Any CPU
		{1E2236A2-3A6A-477F-A566-17A84580EDAE}.CD_ROM|Any CPU.Build.0 = Debug|Any CPU
		{1E2236A2-3A6A-477F-A566-17A84580EDAE}.Debug|Any CPU.ActiveCfg = Debug|Any CPU
		{1E2236A2-3A6A-477F-A566-17A84580EDAE}.Debug|Any CPU.Build.0 = Debug|Any CPU
		{1E2236A2-3A6A-477F-A566-17A84580EDAE}.DVD-5|Any CPU.ActiveCfg = Debug|Any CPU
		{1E2236A2-3A6A-477F-A566-17A84580EDAE}.DVD-5|Any CPU.Build.0 = Debug|Any CPU
		{1E2236A2-3A6A-477F-A566-17A84580EDAE}.Release|Any CPU.ActiveCfg = Release|Any CPU
		{1E2236A2-3A6A-477F-A566-17A84580EDAE}.Release|Any CPU.Build.0 = Release|Any CPU
		{1E2236A2-3A6A-477F-A566-17A84580EDAE}.SingleImage|Any CPU.ActiveCfg = Debug|Any CPU
		{1E2236A2-3A6A-477F-A566-17A84580EDAE}.SingleImage|Any CPU.Build.0 = Debug|Any CPU
	EndGlobalSection
	GlobalSection(SolutionProperties) = preSolution
		HideSolutionNode = FALSE
	EndGlobalSection
	GlobalSection(ExtensibilityGlobals) = postSolution
		SolutionGuid = {698081D0-B318-4E3F-8486-7E5F848E95B8}
	EndGlobalSection
EndGlobal
